
Microsoft Visual Studio Solution File, Format Version 11.00
# Visual Studio 2010
Project("{8BC9CEB8-8B4A-11D0-8D11-00A0C91BC942}") = "c3dEngine", "..\..\..\c3dEngine\proj.win32\c3dEngine\c3dEngine\c3dEngine.vcxproj", "{7E79B6E6-7673-4B42-9688-DF01F0E13F0E}"
EndProject
Project("{2150E333-8FDC-42A3-9474-1A3956D46DE8}") = "demos", "demos", "{F83724CF-8D28-4FF8-A711-9D57C7B8655C}"
EndProject
Project("{8BC9CEB8-8B4A-11D0-8D11-00A0C91BC942}") = "app_box", "..\..\app_box\proj.win32\app_box.vcxproj", "{7D399294-C0FB-C14C-0980-D58DABFBBA9D}"
	ProjectSection(ProjectDependencies) = postProject
		{7E79B6E6-7673-4B42-9688-DF01F0E13F0E} = {7E79B6E6-7673-4B42-9688-DF01F0E13F0E}
	EndProjectSection
EndProject
Project("{8BC9CEB8-8B4A-11D0-8D11-00A0C91BC942}") = "app_bulletTest1", "..\..\app_bulletTest1\proj.win32\app_bulletTest1.vcxproj", "{B371DE9E-5D93-2247-A69D-9214D5F6E333}"
	ProjectSection(ProjectDependencies) = postProject
		{7E79B6E6-7673-4B42-9688-DF01F0E13F0E} = {7E79B6E6-7673-4B42-9688-DF01F0E13F0E}
	EndProjectSection
EndProject
Project("{8BC9CEB8-8B4A-11D0-8D11-00A0C91BC942}") = "app_exportFbxToMyOwnFormat", "..\..\app_exportFbxToMyOwnFormat\proj.win32\app_exportFbxToMyOwnFormat.vcxproj", "{46D561CF-A8DA-E091-DBF5-573C6EE7C7CF}"
	ProjectSection(ProjectDependencies) = postProject
		{7E79B6E6-7673-4B42-9688-DF01F0E13F0E} = {7E79B6E6-7673-4B42-9688-DF01F0E13F0E}
	EndProjectSection
EndProject
Project("{8BC9CEB8-8B4A-11D0-8D11-00A0C91BC942}") = "app_fbxLoader", "..\..\app_fbxLoader\proj.win32\app_fbxLoader.vcxproj", "{E249423E-48A5-BE38-5EBF-570AB4FD2470}"
	ProjectSection(ProjectDependencies) = postProject
		{7E79B6E6-7673-4B42-9688-DF01F0E13F0E} = {7E79B6E6-7673-4B42-9688-DF01F0E13F0E}
	EndProjectSection
EndProject
Project("{8BC9CEB8-8B4A-11D0-8D11-00A0C91BC942}") = "app_importMyOwnFormat", "..\..\app_importMyOwnFormat\proj.win32\app_importMyOwnFormat.vcxproj", "{A5D2CEC4-04BA-2BD8-F7DB-9BEA8119072A}"
	ProjectSection(ProjectDependencies) = postProject
		{7E79B6E6-7673-4B42-9688-DF01F0E13F0E} = {7E79B6E6-7673-4B42-9688-DF01F0E13F0E}
	EndProjectSection
EndProject
Project("{8BC9CEB8-8B4A-11D0-8D11-00A0C91BC942}") = "app_terrain", "..\..\app_terrain\proj.win32\app_terrain.vcxproj", "{208F6506-2924-0334-B864-84C76855C21C}"
	ProjectSection(ProjectDependencies) = postProject
		{7E79B6E6-7673-4B42-9688-DF01F0E13F0E} = {7E79B6E6-7673-4B42-9688-DF01F0E13F0E}
	EndProjectSection
EndProject
Project("{2150E333-8FDC-42A3-9474-1A3956D46DE8}") = "superSingleCell", "superSingleCell", "{A35AF6CF-0B46-4C53-8820-57DF9A998928}"
EndProject
Project("{8BC9CEB8-8B4A-11D0-8D11-00A0C91BC942}") = "app_superSingleCell", "..\..\app_superSingleCell\proj.win32\app_superSingleCell.vcxproj", "{E608CB9E-52B1-7E61-ECDC-7D055293D8B6}"
	ProjectSection(ProjectDependencies) = postProject
		{7E79B6E6-7673-4B42-9688-DF01F0E13F0E} = {7E79B6E6-7673-4B42-9688-DF01F0E13F0E}
	EndProjectSection
EndProject
Project("{8BC9CEB8-8B4A-11D0-8D11-00A0C91BC942}") = "app_fbxLoader_static", "..\..\app_fbxLoader_static\proj.win32\app_fbxLoader_static.vcxproj", "{7E26B7A3-E61B-C7FD-7566-77AA3C444849}"
	ProjectSection(ProjectDependencies) = postProject
		{7E79B6E6-7673-4B42-9688-DF01F0E13F0E} = {7E79B6E6-7673-4B42-9688-DF01F0E13F0E}
	EndProjectSection
EndProject
Project("{8BC9CEB8-8B4A-11D0-8D11-00A0C91BC942}") = "app_cubemap", "..\..\app_cubemap\proj.win32\app_cubemap.vcxproj", "{AB1CCF0D-7668-231A-EAFD-19AC100D5823}"
	ProjectSection(ProjectDependencies) = postProject
		{7E79B6E6-7673-4B42-9688-DF01F0E13F0E} = {7E79B6E6-7673-4B42-9688-DF01F0E13F0E}
	EndProjectSection
EndProject
Global
	GlobalSection(SolutionConfigurationPlatforms) = preSolution
		Debug|Win32 = Debug|Win32
		Release|Win32 = Release|Win32
	EndGlobalSection
	GlobalSection(ProjectConfigurationPlatforms) = postSolution
		{7E79B6E6-7673-4B42-9688-DF01F0E13F0E}.Debug|Win32.ActiveCfg = Debug|Win32
		{7E79B6E6-7673-4B42-9688-DF01F0E13F0E}.Debug|Win32.Build.0 = Debug|Win32
		{7E79B6E6-7673-4B42-9688-DF01F0E13F0E}.Release|Win32.ActiveCfg = Release|Win32
		{7E79B6E6-7673-4B42-9688-DF01F0E13F0E}.Release|Win32.Build.0 = Release|Win32
		{7D399294-C0FB-C14C-0980-D58DABFBBA9D}.Debug|Win32.ActiveCfg = Debug|Win32
		{7D399294-C0FB-C14C-0980-D58DABFBBA9D}.Debug|Win32.Build.0 = Debug|Win32
		{7D399294-C0FB-C14C-0980-D58DABFBBA9D}.Release|Win32.ActiveCfg = Release|Win32
		{7D399294-C0FB-C14C-0980-D58DABFBBA9D}.Release|Win32.Build.0 = Release|Win32
		{B371DE9E-5D93-2247-A69D-9214D5F6E333}.Debug|Win32.ActiveCfg = Debug|Win32
		{B371DE9E-5D93-2247-A69D-9214D5F6E333}.Debug|Win32.Build.0 = Debug|Win32
		{B371DE9E-5D93-2247-A69D-9214D5F6E333}.Release|Win32.ActiveCfg = Release|Win32
		{B371DE9E-5D93-2247-A69D-9214D5F6E333}.Release|Win32.Build.0 = Release|Win32
		{46D561CF-A8DA-E091-DBF5-573C6EE7C7CF}.Debug|Win32.ActiveCfg = Debug|Win32
		{46D561CF-A8DA-E091-DBF5-573C6EE7C7CF}.Debug|Win32.Build.0 = Debug|Win32
		{46D561CF-A8DA-E091-DBF5-573C6EE7C7CF}.Release|Win32.ActiveCfg = Release|Win32
		{46D561CF-A8DA-E091-DBF5-573C6EE7C7CF}.Release|Win32.Build.0 = Release|Win32
		{E249423E-48A5-BE38-5EBF-570AB4FD2470}.Debug|Win32.ActiveCfg = Debug|Win32
		{E249423E-48A5-BE38-5EBF-570AB4FD2470}.Debug|Win32.Build.0 = Debug|Win32
		{E249423E-48A5-BE38-5EBF-570AB4FD2470}.Release|Win32.ActiveCfg = Release|Win32
		{E249423E-48A5-BE38-5EBF-570AB4FD2470}.Release|Win32.Build.0 = Release|Win32
		{A5D2CEC4-04BA-2BD8-F7DB-9BEA8119072A}.Debug|Win32.ActiveCfg = Debug|Win32
		{A5D2CEC4-04BA-2BD8-F7DB-9BEA8119072A}.Debug|Win32.Build.0 = Debug|Win32
		{A5D2CEC4-04BA-2BD8-F7DB-9BEA8119072A}.Release|Win32.ActiveCfg = Release|Win32
		{A5D2CEC4-04BA-2BD8-F7DB-9BEA8119072A}.Release|Win32.Build.0 = Release|Win32
		{208F6506-2924-0334-B864-84C76855C21C}.Debug|Win32.ActiveCfg = Debug|Win32
		{208F6506-2924-0334-B864-84C76855C21C}.Debug|Win32.Build.0 = Debug|Win32
		{208F6506-2924-0334-B864-84C76855C21C}.Release|Win32.ActiveCfg = Release|Win32
		{208F6506-2924-0334-B864-84C76855C21C}.Release|Win32.Build.0 = Release|Win32
		{E608CB9E-52B1-7E61-ECDC-7D055293D8B6}.Debug|Win32.ActiveCfg = Debug|Win32
		{E608CB9E-52B1-7E61-ECDC-7D055293D8B6}.Debug|Win32.Build.0 = Debug|Win32
		{E608CB9E-52B1-7E61-ECDC-7D055293D8B6}.Release|Win32.ActiveCfg = Release|Win32
		{E608CB9E-52B1-7E61-ECDC-7D055293D8B6}.Release|Win32.Build.0 = Release|Win32
		{7E26B7A3-E61B-C7FD-7566-77AA3C444849}.Debug|Win32.ActiveCfg = Debug|Win32
		{7E26B7A3-E61B-C7FD-7566-77AA3C444849}.Debug|Win32.Build.0 = Debug|Win32
		{7E26B7A3-E61B-C7FD-7566-77AA3C444849}.Release|Win32.ActiveCfg = Release|Win32
		{7E26B7A3-E61B-C7FD-7566-77AA3C444849}.Release|Win32.Build.0 = Release|Win32
		{AB1CCF0D-7668-231A-EAFD-19AC100D5823}.Debug|Win32.ActiveCfg = Debug|Win32
		{AB1CCF0D-7668-231A-EAFD-19AC100D5823}.Debug|Win32.Build.0 = Debug|Win32
		{AB1CCF0D-7668-231A-EAFD-19AC100D5823}.Release|Win32.ActiveCfg = Release|Win32
		{AB1CCF0D-7668-231A-EAFD-19AC100D5823}.Release|Win32.Build.0 = Release|Win32
	EndGlobalSection
	GlobalSection(SolutionProperties) = preSolution
		HideSolutionNode = FALSE
	EndGlobalSection
	GlobalSection(NestedProjects) = preSolution
		{7D399294-C0FB-C14C-0980-D58DABFBBA9D} = {F83724CF-8D28-4FF8-A711-9D57C7B8655C}
		{B371DE9E-5D93-2247-A69D-9214D5F6E333} = {F83724CF-8D28-4FF8-A711-9D57C7B8655C}
		{46D561CF-A8DA-E091-DBF5-573C6EE7C7CF} = {F83724CF-8D28-4FF8-A711-9D57C7B8655C}
		{E249423E-48A5-BE38-5EBF-570AB4FD2470} = {F83724CF-8D28-4FF8-A711-9D57C7B8655C}
		{A5D2CEC4-04BA-2BD8-F7DB-9BEA8119072A} = {F83724CF-8D28-4FF8-A711-9D57C7B8655C}
		{208F6506-2924-0334-B864-84C76855C21C} = {F83724CF-8D28-4FF8-A711-9D57C7B8655C}
		{7E26B7A3-E61B-C7FD-7566-77AA3C444849} = {F83724CF-8D28-4FF8-A711-9D57C7B8655C}
		{AB1CCF0D-7668-231A-EAFD-19AC100D5823} = {F83724CF-8D28-4FF8-A711-9D57C7B8655C}
		{E608CB9E-52B1-7E61-ECDC-7D055293D8B6} = {A35AF6CF-0B46-4C53-8820-57DF9A998928}
	EndGlobalSection
EndGlobal
